
Microsoft Visual Studio Solution File, Format Version 12.00
# Visual Studio Version 16
VisualStudioVersion = 16.0.30320.27
MinimumVisualStudioVersion = 10.0.40219.1
Project("{FAE04EC0-301F-11D3-BF4B-00C04F79EFBC}") = "Dz3 Kalkuliator", "Dz3 Kalkuliator\Dz3 Kalkuliator.csproj", "{B3EA92E7-7C2C-4369-B9C6-C8BA8358CD6C}"
EndProject
Global
	GlobalSection(SolutionConfigurationPlatforms) = preSolution
		Debug|Any CPU = Debug|Any CPU
		Release|Any CPU = Release|Any CPU
	EndGlobalSection
	GlobalSection(ProjectConfigurationPlatforms) = postSolution
		{B3EA92E7-7C2C-4369-B9C6-C8BA8358CD6C}.Debug|Any CPU.ActiveCfg = Debug|Any CPU
		{B3EA92E7-7C2C-4369-B9C6-C8BA8358CD6C}.Debug|Any CPU.Build.0 = Debug|Any CPU
		{B3EA92E7-7C2C-4369-B9C6-C8BA8358CD6C}.Release|Any CPU.ActiveCfg = Release|Any CPU
		{B3EA92E7-7C2C-4369-B9C6-C8BA8358CD6C}.Release|Any CPU.Build.0 = Release|Any CPU
	EndGlobalSection
	GlobalSection(SolutionProperties) = preSolution
		HideSolutionNode = FALSE
	EndGlobalSection
	GlobalSection(ExtensibilityGlobals) = postSolution
		SolutionGuid = {05CEF138-68DC-4E81-AC23-B8F2E36D1BAD}
	EndGlobalSection
EndGlobal
